
Microsoft Visual Studio Solution File, Format Version 12.00
# Visual Studio Version 17
VisualStudioVersion = 17.13.35913.81 d17.13
MinimumVisualStudioVersion = 10.0.40219.1
Project("{8BC9CEB8-8B4A-11D0-8D11-00A0C91BC942}") = "Sierra_PA6MorseBST", "Sierra_PA6MorseBST.vcxproj", "{D85EE858-763D-43F6-913F-C69F6640BD13}"
EndProject
Global
	GlobalSection(SolutionConfigurationPlatforms) = preSolution
		Debug|ARM64 = Debug|ARM64
		Debug|x64 = Debug|x64
		Debug|x86 = Debug|x86
		Release|ARM64 = Release|ARM64
		Release|x64 = Release|x64
		Release|x86 = Release|x86
	EndGlobalSection
	GlobalSection(ProjectConfigurationPlatforms) = postSolution
		{D85EE858-763D-43F6-913F-C69F6640BD13}.Debug|ARM64.ActiveCfg = Debug|ARM64
		{D85EE858-763D-43F6-913F-C69F6640BD13}.Debug|ARM64.Build.0 = Debug|ARM64
		{D85EE858-763D-43F6-913F-C69F6640BD13}.Debug|x64.ActiveCfg = Debug|x64
		{D85EE858-763D-43F6-913F-C69F6640BD13}.Debug|x64.Build.0 = Debug|x64
		{D85EE858-763D-43F6-913F-C69F6640BD13}.Debug|x86.ActiveCfg = Debug|Win32
		{D85EE858-763D-43F6-913F-C69F6640BD13}.Debug|x86.Build.0 = Debug|Win32
		{D85EE858-763D-43F6-913F-C69F6640BD13}.Release|ARM64.ActiveCfg = Release|ARM64
		{D85EE858-763D-43F6-913F-C69F6640BD13}.Release|ARM64.Build.0 = Release|ARM64
		{D85EE858-763D-43F6-913F-C69F6640BD13}.Release|x64.ActiveCfg = Release|x64
		{D85EE858-763D-43F6-913F-C69F6640BD13}.Release|x64.Build.0 = Release|x64
		{D85EE858-763D-43F6-913F-C69F6640BD13}.Release|x86.ActiveCfg = Release|Win32
		{D85EE858-763D-43F6-913F-C69F6640BD13}.Release|x86.Build.0 = Release|Win32
	EndGlobalSection
	GlobalSection(SolutionProperties) = preSolution
		HideSolutionNode = FALSE
	EndGlobalSection
	GlobalSection(ExtensibilityGlobals) = postSolution
		SolutionGuid = {8C71148D-6285-4181-B513-4D678672FBB8}
	EndGlobalSection
EndGlobal
